
Microsoft Visual Studio Solution File, Format Version 12.00
# Visual Studio Version 17
VisualStudioVersion = 17.4.33205.214
MinimumVisualStudioVersion = 10.0.40219.1
Project("{9A19103F-16F7-4668-BE54-9A1E7A4F7556}") = "AutoTorrentInspection", "AutoTorrentInspection\AutoTorrentInspection.csproj", "{1A43E7F5-69D4-4D2D-8D0F-9754DEE312C8}"
EndProject
Project("{9A19103F-16F7-4668-BE54-9A1E7A4F7556}") = "AutoTorrentInspection.Test", "AutoTorrentInspection.Test\AutoTorrentInspection.Test.csproj", "{C6DB485F-0A18-43A9-89EB-3DE4269DA3F3}"
EndProject
Global
	GlobalSection(SolutionConfigurationPlatforms) = preSolution
		Debug|Any CPU = Debug|Any CPU
		Release|Any CPU = Release|Any CPU
	EndGlobalSection
	GlobalSection(ProjectConfigurationPlatforms) = postSolution
		{1A43E7F5-69D4-4D2D-8D0F-9754DEE312C8}.Debug|Any CPU.ActiveCfg = Debug|Any CPU
		{1A43E7F5-69D4-4D2D-8D0F-9754DEE312C8}.Debug|Any CPU.Build.0 = Debug|Any CPU
		{1A43E7F5-69D4-4D2D-8D0F-9754DEE312C8}.Release|Any CPU.ActiveCfg = Release|Any CPU
		{1A43E7F5-69D4-4D2D-8D0F-9754DEE312C8}.Release|Any CPU.Build.0 = Release|Any CPU
		{C6DB485F-0A18-43A9-89EB-3DE4269DA3F3}.Debug|Any CPU.ActiveCfg = Debug|Any CPU
		{C6DB485F-0A18-43A9-89EB-3DE4269DA3F3}.Debug|Any CPU.Build.0 = Debug|Any CPU
		{C6DB485F-0A18-43A9-89EB-3DE4269DA3F3}.Release|Any CPU.ActiveCfg = Release|Any CPU
		{C6DB485F-0A18-43A9-89EB-3DE4269DA3F3}.Release|Any CPU.Build.0 = Release|Any CPU
	EndGlobalSection
	GlobalSection(SolutionProperties) = preSolution
		HideSolutionNode = FALSE
	EndGlobalSection
	GlobalSection(ExtensibilityGlobals) = postSolution
		SolutionGuid = {1DB079C2-817F-4565-A78C-3CC0FAB3394A}
	EndGlobalSection
EndGlobal
